
Microsoft Visual Studio Solution File, Format Version 12.00
# Visual Studio Version 16
VisualStudioVersion = 16.0.29609.76
MinimumVisualStudioVersion = 10.0.40219.1
Project("{FAE04EC0-301F-11D3-BF4B-00C04F79EFBC}") = "LeetCode_PascalsTriangle", "LeetCode_PascalsTriangle\LeetCode_PascalsTriangle.csproj", "{CA207AFF-74E1-4AEC-88B8-B0753F5079A2}"
EndProject
Global
	GlobalSection(SolutionConfigurationPlatforms) = preSolution
		Debug|Any CPU = Debug|Any CPU
		Release|Any CPU = Release|Any CPU
	EndGlobalSection
	GlobalSection(ProjectConfigurationPlatforms) = postSolution
		{CA207AFF-74E1-4AEC-88B8-B0753F5079A2}.Debug|Any CPU.ActiveCfg = Debug|Any CPU
		{CA207AFF-74E1-4AEC-88B8-B0753F5079A2}.Debug|Any CPU.Build.0 = Debug|Any CPU
		{CA207AFF-74E1-4AEC-88B8-B0753F5079A2}.Release|Any CPU.ActiveCfg = Release|Any CPU
		{CA207AFF-74E1-4AEC-88B8-B0753F5079A2}.Release|Any CPU.Build.0 = Release|Any CPU
	EndGlobalSection
	GlobalSection(SolutionProperties) = preSolution
		HideSolutionNode = FALSE
	EndGlobalSection
	GlobalSection(ExtensibilityGlobals) = postSolution
		SolutionGuid = {4D47E7C9-A9D1-4BF7-B141-83B8E4214CC4}
	EndGlobalSection
EndGlobal
